// !$*UTF8*$!
{
	archiveVersion = 1;
	classes = {
	};
	objectVersion = 50;
	objects = {

/* Begin PBXBuildFile section */
		6309FE9A25DD810900FBB618 /* AlertViewMessage.swift in Sources */ = {isa = PBXBuildFile; fileRef = 6309FE9925DD810900FBB618 /* AlertViewMessage.swift */; };
		6309FEA325DDAAB600FBB618 /* MultipleAlertsViewStateVariables.swift in Sources */ = {isa = PBXBuildFile; fileRef = 6309FEA225DDAAB600FBB618 /* MultipleAlertsViewStateVariables.swift */; };
		6309FEA725DDAC5900FBB618 /* MultipleAlertsViewIdentifiable.swift in Sources */ = {isa = PBXBuildFile; fileRef = 6309FEA625DDAC5900FBB618 /* MultipleAlertsViewIdentifiable.swift */; };
		634C628E25D994B700536257 /* SwiftUIAlertViewApp.swift in Sources */ = {isa = PBXBuildFile; fileRef = 634C628D25D994B700536257 /* SwiftUIAlertViewApp.swift */; };
		634C629025D994B700536257 /* ContentView.swift in Sources */ = {isa = PBXBuildFile; fileRef = 634C628F25D994B700536257 /* ContentView.swift */; };
		634C629225D994B900536257 /* Assets.xcassets in Resources */ = {isa = PBXBuildFile; fileRef = 634C629125D994B900536257 /* Assets.xcassets */; };
		634C629525D994B900536257 /* Preview Assets.xcassets in Resources */ = {isa = PBXBuildFile; fileRef = 634C629425D994B900536257 /* Preview Assets.xcassets */; };
		634C629E25D9970B00536257 /* AlertView.swift in Sources */ = {isa = PBXBuildFile; fileRef = 634C629D25D9970B00536257 /* AlertView.swift */; };
		634C62A125D9993D00536257 /* ItemAlertView.swift in Sources */ = {isa = PBXBuildFile; fileRef = 634C62A025D9993D00536257 /* ItemAlertView.swift */; };
		634C62A425D9A0E200536257 /* AlertWithButtonsView.swift in Sources */ = {isa = PBXBuildFile; fileRef = 634C62A325D9A0E200536257 /* AlertWithButtonsView.swift */; };
/* End PBXBuildFile section */

/* Begin PBXFileReference section */
		6309FE9925DD810900FBB618 /* AlertViewMessage.swift */ = {isa = PBXFileReference; lastKnownFileType = sourcecode.swift; path = AlertViewMessage.swift; sourceTree = "<group>"; };
		6309FEA225DDAAB600FBB618 /* MultipleAlertsViewStateVariables.swift */ = {isa = PBXFileReference; lastKnownFileType = sourcecode.swift; path = MultipleAlertsViewStateVariables.swift; sourceTree = "<group>"; };
		6309FEA625DDAC5900FBB618 /* MultipleAlertsViewIdentifiable.swift */ = {isa = PBXFileReference; lastKnownFileType = sourcecode.swift; path = MultipleAlertsViewIdentifiable.swift; sourceTree = "<group>"; };
		634C628A25D994B700536257 /* SwiftUIAlertView.app */ = {isa = PBXFileReference; explicitFileType = wrapper.application; includeInIndex = 0; path = SwiftUIAlertView.app; sourceTree = BUILT_PRODUCTS_DIR; };
		634C628D25D994B700536257 /* SwiftUIAlertViewApp.swift */ = {isa = PBXFileReference; lastKnownFileType = sourcecode.swift; path = SwiftUIAlertViewApp.swift; sourceTree = "<group>"; };
		634C628F25D994B700536257 /* ContentView.swift */ = {isa = PBXFileReference; lastKnownFileType = sourcecode.swift; path = ContentView.swift; sourceTree = "<group>"; };
		634C629125D994B900536257 /* Assets.xcassets */ = {isa = PBXFileReference; lastKnownFileType = folder.assetcatalog; path = Assets.xcassets; sourceTree = "<group>"; };
		634C629425D994B900536257 /* Preview Assets.xcassets */ = {isa = PBXFileReference; lastKnownFileType = folder.assetcatalog; path = "Preview Assets.xcassets"; sourceTree = "<group>"; };
		634C629625D994B900536257 /* Info.plist */ = {isa = PBXFileReference; lastKnownFileType = text.plist.xml; path = Info.plist; sourceTree = "<group>"; };
		634C629D25D9970B00536257 /* AlertView.swift */ = {isa = PBXFileReference; lastKnownFileType = sourcecode.swift; path = AlertView.swift; sourceTree = "<group>"; };
		634C62A025D9993D00536257 /* ItemAlertView.swift */ = {isa = PBXFileReference; lastKnownFileType = sourcecode.swift; path = ItemAlertView.swift; sourceTree = "<group>"; };
		634C62A325D9A0E200536257 /* AlertWithButtonsView.swift */ = {isa = PBXFileReference; lastKnownFileType = sourcecode.swift; path = AlertWithButtonsView.swift; sourceTree = "<group>"; };
/* End PBXFileReference section */

/* Begin PBXFrameworksBuildPhase section */
		634C628725D994B700536257 /* Frameworks */ = {
			isa = PBXFrameworksBuildPhase;
			buildActionMask = 2147483647;
			files = (
			);
			runOnlyForDeploymentPostprocessing = 0;
		};
/* End PBXFrameworksBuildPhase section */

/* Begin PBXGroup section */
		634C628125D994B600536257 = {
			isa = PBXGroup;
			children = (
				634C628C25D994B700536257 /* SwiftUIAlertView */,
				634C628B25D994B700536257 /* Products */,
			);
			sourceTree = "<group>";
		};
		634C628B25D994B700536257 /* Products */ = {
			isa = PBXGroup;
			children = (
				634C628A25D994B700536257 /* SwiftUIAlertView.app */,
			);
			name = Products;
			sourceTree = "<group>";
		};
		634C628C25D994B700536257 /* SwiftUIAlertView */ = {
			isa = PBXGroup;
			children = (
				634C628D25D994B700536257 /* SwiftUIAlertViewApp.swift */,
				634C628F25D994B700536257 /* ContentView.swift */,
				634C629D25D9970B00536257 /* AlertView.swift */,
				6309FE9925DD810900FBB618 /* AlertViewMessage.swift */,
				634C62A025D9993D00536257 /* ItemAlertView.swift */,
				634C62A325D9A0E200536257 /* AlertWithButtonsView.swift */,
				6309FEA225DDAAB600FBB618 /* MultipleAlertsViewStateVariables.swift */,
				6309FEA625DDAC5900FBB618 /* MultipleAlertsViewIdentifiable.swift */,
				634C629125D994B900536257 /* Assets.xcassets */,
				634C629625D994B900536257 /* Info.plist */,
				634C629325D994B900536257 /* Preview Content */,
			);
			path = SwiftUIAlertView;
			sourceTree = "<group>";
		};
		634C629325D994B900536257 /* Preview Content */ = {
			isa = PBXGroup;
			children = (
				634C629425D994B900536257 /* Preview Assets.xcassets */,
			);
			path = "Preview Content";
			sourceTree = "<group>";
		};
/* End PBXGroup section */

/* Begin PBXNativeTarget section */
		634C628925D994B700536257 /* SwiftUIAlertView */ = {
			isa = PBXNativeTarget;
			buildConfigurationList = 634C629925D994B900536257 /* Build configuration list for PBXNativeTarget "SwiftUIAlertView" */;
			buildPhases = (
				634C628625D994B700536257 /* Sources */,
				634C628725D994B700536257 /* Frameworks */,
				634C628825D994B700536257 /* Resources */,
			);
			buildRules = (
			);
			dependencies = (
			);
			name = SwiftUIAlertView;
			productName = SwiftUIAlertView;
			productReference = 634C628A25D994B700536257 /* SwiftUIAlertView.app */;
			productType = "com.apple.product-type.application";
		};
/* End PBXNativeTarget section */

/* Begin PBXProject section */
		634C628225D994B600536257 /* Project object */ = {
			isa = PBXProject;
			attributes = {
				LastSwiftUpdateCheck = 1240;
				LastUpgradeCheck = 1240;
				TargetAttributes = {
					634C628925D994B700536257 = {
						CreatedOnToolsVersion = 12.4;
					};
				};
			};
			buildConfigurationList = 634C628525D994B600536257 /* Build configuration list for PBXProject "SwiftUIAlertView" */;
			compatibilityVersion = "Xcode 9.3";
			developmentRegion = en;
			hasScannedForEncodings = 0;
			knownRegions = (
				en,
				Base,
			);
			mainGroup = 634C628125D994B600536257;
			productRefGroup = 634C628B25D994B700536257 /* Products */;
			projectDirPath = "";
			projectRoot = "";
			targets = (
				634C628925D994B700536257 /* SwiftUIAlertView */,
			);
		};
/* End PBXProject section */

/* Begin PBXResourcesBuildPhase section */
		634C628825D994B700536257 /* Resources */ = {
			isa = PBXResourcesBuildPhase;
			buildActionMask = 2147483647;
			files = (
				634C629525D994B900536257 /* Preview Assets.xcassets in Resources */,
				634C629225D994B900536257 /* Assets.xcassets in Resources */,
			);
			runOnlyForDeploymentPostprocessing = 0;
		};
/* End PBXResourcesBuildPhase section */

/* Begin PBXSourcesBuildPhase section */
		634C628625D994B700536257 /* Sources */ = {
			isa = PBXSourcesBuildPhase;
			buildActionMask = 2147483647;
			files = (
				634C62A125D9993D00536257 /* ItemAlertView.swift in Sources */,
				6309FEA725DDAC5900FBB618 /* MultipleAlertsViewIdentifiable.swift in Sources */,
				6309FE9A25DD810900FBB618 /* AlertViewMessage.swift in Sources */,
				634C62A425D9A0E200536257 /* AlertWithButtonsView.swift in Sources */,
				634C629025D994B700536257 /* ContentView.swift in Sources */,
				634C628E25D994B700536257 /* SwiftUIAlertViewApp.swift in Sources */,
				6309FEA325DDAAB600FBB618 /* MultipleAlertsViewStateVariables.swift in Sources */,
				634C629E25D9970B00536257 /* AlertView.swift in Sources */,
			);
			runOnlyForDeploymentPostprocessing = 0;
		};
/* End PBXSourcesBuildPhase section */

/* Begin XCBuildConfiguration section */
		634C629725D994B900536257 /* Debug */ = {
			isa = XCBuildConfiguration;
			buildSettings = {
				ALWAYS_SEARCH_USER_PATHS = NO;
				CLANG_ANALYZER_NONNULL = YES;
				CLANG_ANALYZER_NUMBER_OBJECT_CONVERSION = YES_AGGRESSIVE;
				CLANG_CXX_LANGUAGE_STANDARD = "gnu++14";
				CLANG_CXX_LIBRARY = "libc++";
				CLANG_ENABLE_MODULES = YES;
				CLANG_ENABLE_OBJC_ARC = YES;
				CLANG_ENABLE_OBJC_WEAK = YES;
				CLANG_WARN_BLOCK_CAPTURE_AUTORELEASING = YES;
				CLANG_WARN_BOOL_CONVERSION = YES;
				CLANG_WARN_COMMA = YES;
				CLANG_WARN_CONSTANT_CONVERSION = YES;
				CLANG_WARN_DEPRECATED_OBJC_IMPLEMENTATIONS = YES;
				CLANG_WARN_DIRECT_OBJC_ISA_USAGE = YES_ERROR;
				CLANG_WARN_DOCUMENTATION_COMMENTS = YES;
				CLANG_WARN_EMPTY_BODY = YES;
				CLANG_WARN_ENUM_CONVERSION = YES;
				CLANG_WARN_INFINITE_RECURSION = YES;
				CLANG_WARN_INT_CONVERSION = YES;
				CLANG_WARN_NON_LITERAL_NULL_CONVERSION = YES;
				CLANG_WARN_OBJC_IMPLICIT_RETAIN_SELF = YES;
				CLANG_WARN_OBJC_LITERAL_CONVERSION = YES;
				CLANG_WARN_OBJC_ROOT_CLASS = YES_ERROR;
				CLANG_WARN_QUOTED_INCLUDE_IN_FRAMEWORK_HEADER = YES;
				CLANG_WARN_RANGE_LOOP_ANALYSIS = YES;
				CLANG_WARN_STRICT_PROTOTYPES = YES;
				CLANG_WARN_SUSPICIOUS_MOVE = YES;
				CLANG_WARN_UNGUARDED_AVAILABILITY = YES_AGGRESSIVE;
				CLANG_WARN_UNREACHABLE_CODE = YES;
				CLANG_WARN__DUPLICATE_METHOD_MATCH = YES;
				COPY_PHASE_STRIP = NO;
				DEBUG_INFORMATION_FORMAT = dwarf;
				ENABLE_STRICT_OBJC_MSGSEND = YES;
				ENABLE_TESTABILITY = YES;
				GCC_C_LANGUAGE_STANDARD = gnu11;
				GCC_DYNAMIC_NO_PIC = NO;
				GCC_NO_COMMON_BLOCKS = YES;
				GCC_OPTIMIZATION_LEVEL = 0;
				GCC_PREPROCESSOR_DEFINITIONS = (
					"DEBUG=1",
					"$(inherited)",
				);
				GCC_WARN_64_TO_32_BIT_CONVERSION = YES;
				GCC_WARN_ABOUT_RETURN_TYPE = YES_ERROR;
				GCC_WARN_UNDECLARED_SELECTOR = YES;
				GCC_WARN_UNINITIALIZED_AUTOS = YES_AGGRESSIVE;
				GCC_WARN_UNUSED_FUNCTION = YES;
				GCC_WARN_UNUSED_VARIABLE = YES;
				IPHONEOS_DEPLOYMENT_TARGET = 14.4;
				MTL_ENABLE_DEBUG_INFO = INCLUDE_SOURCE;
				MTL_FAST_MATH = YES;
				ONLY_ACTIVE_ARCH = YES;
				SDKROOT = iphoneos;
				SWIFT_ACTIVE_COMPILATION_CONDITIONS = DEBUG;
				SWIFT_OPTIMIZATION_LEVEL = "-Onone";
			};
			name = Debug;
		};
		634C629825D994B900536257 /* Release */ = {
			isa = XCBuildConfiguration;
			buildSettings = {
				ALWAYS_SEARCH_USER_PATHS = NO;
				CLANG_ANALYZER_NONNULL = YES;
				CLANG_ANALYZER_NUMBER_OBJECT_CONVERSION = YES_AGGRESSIVE;
				CLANG_CXX_LANGUAGE_STANDARD = "gnu++14";
				CLANG_CXX_LIBRARY = "libc++";
				CLANG_ENABLE_MODULES = YES;
				CLANG_ENABLE_OBJC_ARC = YES;
				CLANG_ENABLE_OBJC_WEAK = YES;
				CLANG_WARN_BLOCK_CAPTURE_AUTORELEASING = YES;
				CLANG_WARN_BOOL_CONVERSION = YES;
				CLANG_WARN_COMMA = YES;
				CLANG_WARN_CONSTANT_CONVERSION = YES;
				CLANG_WARN_DEPRECATED_OBJC_IMPLEMENTATIONS = YES;
				CLANG_WARN_DIRECT_OBJC_ISA_USAGE = YES_ERROR;
				CLANG_WARN_DOCUMENTATION_COMMENTS = YES;
				CLANG_WARN_EMPTY_BODY = YES;
				CLANG_WARN_ENUM_CONVERSION = YES;
				CLANG_WARN_INFINITE_RECURSION = YES;
				CLANG_WARN_INT_CONVERSION = YES;
				CLANG_WARN_NON_LITERAL_NULL_CONVERSION = YES;
				CLANG_WARN_OBJC_IMPLICIT_RETAIN_SELF = YES;
				CLANG_WARN_OBJC_LITERAL_CONVERSION = YES;
				CLANG_WARN_OBJC_ROOT_CLASS = YES_ERROR;
				CLANG_WARN_QUOTED_INCLUDE_IN_FRAMEWORK_HEADER = YES;
				CLANG_WARN_RANGE_LOOP_ANALYSIS = YES;
				CLANG_WARN_STRICT_PROTOTYPES = YES;
				CLANG_WARN_SUSPICIOUS_MOVE = YES;
				CLANG_WARN_UNGUARDED_AVAILABILITY = YES_AGGRESSIVE;
				CLANG_WARN_UNREACHABLE_CODE = YES;
				CLANG_WARN__DUPLICATE_METHOD_MATCH = YES;
				COPY_PHASE_STRIP = NO;
				DEBUG_INFORMATION_FORMAT = "dwarf-with-dsym";
				ENABLE_NS_ASSERTIONS = NO;
				ENABLE_STRICT_OBJC_MSGSEND = YES;
				GCC_C_LANGUAGE_STANDARD = gnu11;
				GCC_NO_COMMON_BLOCKS = YES;
				GCC_WARN_64_TO_32_BIT_CONVERSION = YES;
				GCC_WARN_ABOUT_RETURN_TYPE = YES_ERROR;
				GCC_WARN_UNDECLARED_SELECTOR = YES;
				GCC_WARN_UNINITIALIZED_AUTOS = YES_AGGRESSIVE;
				GCC_WARN_UNUSED_FUNCTION = YES;
				GCC_WARN_UNUSED_VARIABLE = YES;
				IPHONEOS_DEPLOYMENT_TARGET = 14.4;
				MTL_ENABLE_DEBUG_INFO = NO;
				MTL_FAST_MATH = YES;
				SDKROOT = iphoneos;
				SWIFT_COMPILATION_MODE = wholemodule;
				SWIFT_OPTIMIZATION_LEVEL = "-O";
				VALIDATE_PRODUCT = YES;
			};
			name = Release;
		};
		634C629A25D994B900536257 /* Debug */ = {
			isa = XCBuildConfiguration;
			buildSettings = {
				ASSETCATALOG_COMPILER_APPICON_NAME = AppIcon;
				ASSETCATALOG_COMPILER_GLOBAL_ACCENT_COLOR_NAME = AccentColor;
				CODE_SIGN_STYLE = Automatic;
				DEVELOPMENT_ASSET_PATHS = "\"SwiftUIAlertView/Preview Content\"";
				DEVELOPMENT_TEAM = 3SGNZQGS68;
				ENABLE_PREVIEWS = YES;
				INFOPLIST_FILE = SwiftUIAlertView/Info.plist;
				IPHONEOS_DEPLOYMENT_TARGET = 14.0;
				LD_RUNPATH_SEARCH_PATHS = (
					"$(inherited)",
					"@executable_path/Frameworks",
				);
				PRODUCT_BUNDLE_IDENTIFIER = com.fassko.SwiftUIAlertView;
				PRODUCT_NAME = "$(TARGET_NAME)";
				SWIFT_VERSION = 5.0;
				TARGETED_DEVICE_FAMILY = "1,2";
			};
			name = Debug;
		};
		634C629B25D994B900536257 /* Release */ = {
			isa = XCBuildConfiguration;
			buildSettings = {
				ASSETCATALOG_COMPILER_APPICON_NAME = AppIcon;
				ASSETCATALOG_COMPILER_GLOBAL_ACCENT_COLOR_NAME = AccentColor;
				CODE_SIGN_STYLE = Automatic;
				DEVELOPMENT_ASSET_PATHS = "\"SwiftUIAlertView/Preview Content\"";
				DEVELOPMENT_TEAM = 3SGNZQGS68;
				ENABLE_PREVIEWS = YES;
				INFOPLIST_FILE = SwiftUIAlertView/Info.plist;
				IPHONEOS_DEPLOYMENT_TARGET = 14.0;
				LD_RUNPATH_SEARCH_PATHS = (
					"$(inherited)",
					"@executable_path/Frameworks",
				);
				PRODUCT_BUNDLE_IDENTIFIER = com.fassko.SwiftUIAlertView;
				PRODUCT_NAME = "$(TARGET_NAME)";
				SWIFT_VERSION = 5.0;
				TARGETED_DEVICE_FAMILY = "1,2";
			};
			name = Release;
		};
/* End XCBuildConfiguration section */

/* Begin XCConfigurationList section */
		634C628525D994B600536257 /* Build configuration list for PBXProject "SwiftUIAlertView" */ = {
			isa = XCConfigurationList;
			buildConfigurations = (
				634C629725D994B900536257 /* Debug */,
				634C629825D994B900536257 /* Release */,
			);
			defaultConfigurationIsVisible = 0;
			defaultConfigurationName = Release;
		};
		634C629925D994B900536257 /* Build configuration list for PBXNativeTarget "SwiftUIAlertView" */ = {
			isa = XCConfigurationList;
			buildConfigurations = (
				634C629A25D994B900536257 /* Debug */,
				634C629B25D994B900536257 /* Release */,
			);
			defaultConfigurationIsVisible = 0;
			defaultConfigurationName = Release;
		};
/* End XCConfigurationList section */
	};
	rootObject = 634C628225D994B600536257 /* Project object */;
}
